
Microsoft Visual Studio Solution File, Format Version 12.00
# Visual Studio Version 16
VisualStudioVersion = 25.0.1700.0
MinimumVisualStudioVersion = 10.0.40219.1
Project("{FAE04EC0-301F-11D3-BF4B-00C04F79EFBC}") = "TodoApi", "TodoApi.csproj", "{1CE98BFA-BD55-4D43-B89D-57FA84DB3875}"
EndProject
Global
	GlobalSection(SolutionConfigurationPlatforms) = preSolution
		Debug|Any CPU = Debug|Any CPU
		Release|Any CPU = Release|Any CPU
	EndGlobalSection
	GlobalSection(ProjectConfigurationPlatforms) = postSolution
		{1CE98BFA-BD55-4D43-B89D-57FA84DB3875}.Debug|Any CPU.ActiveCfg = Debug|Any CPU
		{1CE98BFA-BD55-4D43-B89D-57FA84DB3875}.Debug|Any CPU.Build.0 = Debug|Any CPU
		{1CE98BFA-BD55-4D43-B89D-57FA84DB3875}.Release|Any CPU.ActiveCfg = Release|Any CPU
		{1CE98BFA-BD55-4D43-B89D-57FA84DB3875}.Release|Any CPU.Build.0 = Release|Any CPU
	EndGlobalSection
	GlobalSection(SolutionProperties) = preSolution
		HideSolutionNode = FALSE
	EndGlobalSection
	GlobalSection(ExtensibilityGlobals) = postSolution
		SolutionGuid = {4969BF03-ABD1-4B12-B1D4-59BD78A8F8DD}
	EndGlobalSection
EndGlobal
